
Microsoft Visual Studio Solution File, Format Version 12.00
# Visual Studio 15
VisualStudioVersion = 15.0.26730.12
MinimumVisualStudioVersion = 10.0.40219.1
Project("{FAE04EC0-301F-11D3-BF4B-00C04F79EFBC}") = "HarfeToBeBot v2.0", "HarfeToBeBot v2.0\HarfeToBeBot v2.0.csproj", "{256F7BCA-6A02-4177-BF57-4D62DACCCE21}"
EndProject
Global
	GlobalSection(SolutionConfigurationPlatforms) = preSolution
		Debug|Any CPU = Debug|Any CPU
		Release|Any CPU = Release|Any CPU
	EndGlobalSection
	GlobalSection(ProjectConfigurationPlatforms) = postSolution
		{256F7BCA-6A02-4177-BF57-4D62DACCCE21}.Debug|Any CPU.ActiveCfg = Debug|Any CPU
		{256F7BCA-6A02-4177-BF57-4D62DACCCE21}.Debug|Any CPU.Build.0 = Debug|Any CPU
		{256F7BCA-6A02-4177-BF57-4D62DACCCE21}.Release|Any CPU.ActiveCfg = Release|Any CPU
		{256F7BCA-6A02-4177-BF57-4D62DACCCE21}.Release|Any CPU.Build.0 = Release|Any CPU
	EndGlobalSection
	GlobalSection(SolutionProperties) = preSolution
		HideSolutionNode = FALSE
	EndGlobalSection
	GlobalSection(ExtensibilityGlobals) = postSolution
		SolutionGuid = {8BC999FA-96FE-4FBD-BB5C-919295E01682}
	EndGlobalSection
EndGlobal
